
Microsoft Visual Studio Solution File, Format Version 12.00
# Visual Studio Version 17
VisualStudioVersion = 17.4.33403.182
MinimumVisualStudioVersion = 10.0.40219.1
Project("{FAE04EC0-301F-11D3-BF4B-00C04F79EFBC}") = "PrestitiBancari", "PrestitiBancari.csproj", "{CAC43B4F-6459-41FC-9EEC-20BF82704DA4}"
EndProject
Global
	GlobalSection(SolutionConfigurationPlatforms) = preSolution
		Debug|Any CPU = Debug|Any CPU
		Release|Any CPU = Release|Any CPU
	EndGlobalSection
	GlobalSection(ProjectConfigurationPlatforms) = postSolution
		{CAC43B4F-6459-41FC-9EEC-20BF82704DA4}.Debug|Any CPU.ActiveCfg = Debug|Any CPU
		{CAC43B4F-6459-41FC-9EEC-20BF82704DA4}.Debug|Any CPU.Build.0 = Debug|Any CPU
		{CAC43B4F-6459-41FC-9EEC-20BF82704DA4}.Release|Any CPU.ActiveCfg = Release|Any CPU
		{CAC43B4F-6459-41FC-9EEC-20BF82704DA4}.Release|Any CPU.Build.0 = Release|Any CPU
	EndGlobalSection
	GlobalSection(SolutionProperties) = preSolution
		HideSolutionNode = FALSE
	EndGlobalSection
	GlobalSection(ExtensibilityGlobals) = postSolution
		SolutionGuid = {0044AFE2-8DD5-475F-8952-2374DE72D8B5}
	EndGlobalSection
EndGlobal
