
Microsoft Visual Studio Solution File, Format Version 12.00
# Visual Studio Version 17
VisualStudioVersion = 17.6.33829.357
MinimumVisualStudioVersion = 10.0.40219.1
Project("{FAE04EC0-301F-11D3-BF4B-00C04F79EFBC}") = "PrestitiBancari", "PrestitiBancari.csproj", "{95382ECF-D908-4BD8-89FD-CE11835B3384}"
EndProject
Global
	GlobalSection(SolutionConfigurationPlatforms) = preSolution
		Debug|Any CPU = Debug|Any CPU
		Release|Any CPU = Release|Any CPU
	EndGlobalSection
	GlobalSection(ProjectConfigurationPlatforms) = postSolution
		{95382ECF-D908-4BD8-89FD-CE11835B3384}.Debug|Any CPU.ActiveCfg = Debug|Any CPU
		{95382ECF-D908-4BD8-89FD-CE11835B3384}.Debug|Any CPU.Build.0 = Debug|Any CPU
		{95382ECF-D908-4BD8-89FD-CE11835B3384}.Release|Any CPU.ActiveCfg = Release|Any CPU
		{95382ECF-D908-4BD8-89FD-CE11835B3384}.Release|Any CPU.Build.0 = Release|Any CPU
	EndGlobalSection
	GlobalSection(SolutionProperties) = preSolution
		HideSolutionNode = FALSE
	EndGlobalSection
	GlobalSection(ExtensibilityGlobals) = postSolution
		SolutionGuid = {BC74AFE1-FCFF-4A10-9939-BCC0092EC2C2}
	EndGlobalSection
EndGlobal
