
Microsoft Visual Studio Solution File, Format Version 12.00
# Visual Studio Version 17
VisualStudioVersion = 17.6.33829.357
MinimumVisualStudioVersion = 10.0.40219.1
Project("{9A19103F-16F7-4668-BE54-9A1E7A4F7556}") = "ConsoleAppClient", "ConsoleAppClient\ConsoleAppClient.csproj", "{A9E1AA92-46A3-4B4D-901A-F623E724D3B0}"
EndProject
Project("{9A19103F-16F7-4668-BE54-9A1E7A4F7556}") = "ConsoleAppServer", "ConsoleAppServer\ConsoleAppServer.csproj", "{8F76582D-C65E-468C-BF45-358F5A562A9D}"
EndProject
Global
	GlobalSection(SolutionConfigurationPlatforms) = preSolution
		Debug|Any CPU = Debug|Any CPU
		Release|Any CPU = Release|Any CPU
	EndGlobalSection
	GlobalSection(ProjectConfigurationPlatforms) = postSolution
		{A9E1AA92-46A3-4B4D-901A-F623E724D3B0}.Debug|Any CPU.ActiveCfg = Debug|Any CPU
		{A9E1AA92-46A3-4B4D-901A-F623E724D3B0}.Debug|Any CPU.Build.0 = Debug|Any CPU
		{A9E1AA92-46A3-4B4D-901A-F623E724D3B0}.Release|Any CPU.ActiveCfg = Release|Any CPU
		{A9E1AA92-46A3-4B4D-901A-F623E724D3B0}.Release|Any CPU.Build.0 = Release|Any CPU
		{8F76582D-C65E-468C-BF45-358F5A562A9D}.Debug|Any CPU.ActiveCfg = Debug|Any CPU
		{8F76582D-C65E-468C-BF45-358F5A562A9D}.Debug|Any CPU.Build.0 = Debug|Any CPU
		{8F76582D-C65E-468C-BF45-358F5A562A9D}.Release|Any CPU.ActiveCfg = Release|Any CPU
		{8F76582D-C65E-468C-BF45-358F5A562A9D}.Release|Any CPU.Build.0 = Release|Any CPU
	EndGlobalSection
	GlobalSection(SolutionProperties) = preSolution
		HideSolutionNode = FALSE
	EndGlobalSection
	GlobalSection(ExtensibilityGlobals) = postSolution
		SolutionGuid = {8201E52E-50AD-4869-8884-5039525198DC}
	EndGlobalSection
EndGlobal
